github.com/CiroLee/gear v1.0.1 h1:GQwJB1Ue5gyakBEe/GRNzZnCIkhcjwIRO2tHOv3WzZQ=
github.com/CiroLee/gear v1.0.1/go.mod h1:HSvafW2gdNKrFcMsxU6FLYTGWOdUf/iblyiZVcmN044=
github.com/CiroLee/go-lorem v0.0.0-20230623083826-81f702eba576 h1:JwCbCmn+da3/ETByMYJL1TFSAcaakC0hmKF+kOhjs8o=
github.com/CiroLee/go-lorem v0.0.0-20230623083826-81f702eba576/go.mod h1:556jY+sonaGWtAGrbnBPQFCm9P5VzfqNUby9zyUc+Zs=
github.com/matoous/go-nanoid/v2 v2.1.0 h1:P64+dmq21hhWdtvZfEAofnvJULaRR1Yib0+PnU669bE=
github.com/matoous/go-nanoid/v2 v2.1.0/go.mod h1:KlbGNQ+FhrUNIHUxZdL63t7tl4LaPkZNpUULS8H4uVM=
golang.org/x/exp v0.0.0-20221227203929-1b447090c38c h1:Govq2W3bnHJimHT2ium65kXcI7ZzTniZHcFATnLJM0Q=
golang.org/x/exp v0.0.0-20221227203929-1b447090c38c/go.mod h1:CxIveKay+FTh1D0yPZemJVgC/95VzuuOLq5Qi4xnoYc=
